
Microsoft Visual Studio Solution File, Format Version 12.00
# Visual Studio Version 17
VisualStudioVersion = 17.0.32112.339
MinimumVisualStudioVersion = 10.0.40219.1
Project("{FAE04EC0-301F-11D3-BF4B-00C04F79EFBC}") = "SalesPortal", "SalesPortal\SalesPortal.csproj", "{98275DA0-F336-4C25-9C82-36F42FED8629}"
EndProject
Global
	GlobalSection(SolutionConfigurationPlatforms) = preSolution
		Debug|Any CPU = Debug|Any CPU
		Release|Any CPU = Release|Any CPU
	EndGlobalSection
	GlobalSection(ProjectConfigurationPlatforms) = postSolution
		{98275DA0-F336-4C25-9C82-36F42FED8629}.Debug|Any CPU.ActiveCfg = Debug|Any CPU
		{98275DA0-F336-4C25-9C82-36F42FED8629}.Debug|Any CPU.Build.0 = Debug|Any CPU
		{98275DA0-F336-4C25-9C82-36F42FED8629}.Release|Any CPU.ActiveCfg = Release|Any CPU
		{98275DA0-F336-4C25-9C82-36F42FED8629}.Release|Any CPU.Build.0 = Release|Any CPU
	EndGlobalSection
	GlobalSection(SolutionProperties) = preSolution
		HideSolutionNode = FALSE
	EndGlobalSection
	GlobalSection(ExtensibilityGlobals) = postSolution
		SolutionGuid = {931ED288-07D5-46CE-90D7-E79D80D46FEC}
	EndGlobalSection
EndGlobal
